
Microsoft Visual Studio Solution File, Format Version 12.00
# Visual Studio Version 17
VisualStudioVersion = 17.6.33712.159
MinimumVisualStudioVersion = 10.0.40219.1
Project("{8BC9CEB8-8B4A-11D0-8D11-00A0C91BC942}") = "CS330 Project - Austin Henley", "CS330 Project - Austin Henley.vcxproj", "{AF7BBB5A-A610-474B-9ECA-0B5EF481B528}"
EndProject
Global
	GlobalSection(SolutionConfigurationPlatforms) = preSolution
		Debug|x64 = Debug|x64
		Debug|x86 = Debug|x86
		Release|x64 = Release|x64
		Release|x86 = Release|x86
	EndGlobalSection
	GlobalSection(ProjectConfigurationPlatforms) = postSolution
		{AF7BBB5A-A610-474B-9ECA-0B5EF481B528}.Debug|x64.ActiveCfg = Debug|x64
		{AF7BBB5A-A610-474B-9ECA-0B5EF481B528}.Debug|x64.Build.0 = Debug|x64
		{AF7BBB5A-A610-474B-9ECA-0B5EF481B528}.Debug|x86.ActiveCfg = Debug|Win32
		{AF7BBB5A-A610-474B-9ECA-0B5EF481B528}.Debug|x86.Build.0 = Debug|Win32
		{AF7BBB5A-A610-474B-9ECA-0B5EF481B528}.Release|x64.ActiveCfg = Release|x64
		{AF7BBB5A-A610-474B-9ECA-0B5EF481B528}.Release|x64.Build.0 = Release|x64
		{AF7BBB5A-A610-474B-9ECA-0B5EF481B528}.Release|x86.ActiveCfg = Release|Win32
		{AF7BBB5A-A610-474B-9ECA-0B5EF481B528}.Release|x86.Build.0 = Release|Win32
	EndGlobalSection
	GlobalSection(SolutionProperties) = preSolution
		HideSolutionNode = FALSE
	EndGlobalSection
	GlobalSection(ExtensibilityGlobals) = postSolution
		SolutionGuid = {B37C1A5B-42D4-4EAB-9651-8FAF2F5B0944}
	EndGlobalSection
EndGlobal
